
Microsoft Visual Studio Solution File, Format Version 12.00
# Visual Studio Version 17
VisualStudioVersion = 17.13.35931.197 d17.13
MinimumVisualStudioVersion = 10.0.40219.1
Project("{FAE04EC0-301F-11D3-BF4B-00C04F79EFBC}") = "converter", "converter\converter.csproj", "{BBB860A5-DA4B-4F8E-942B-20D145DC7B0C}"
EndProject
Global
	GlobalSection(SolutionConfigurationPlatforms) = preSolution
		Debug|Any CPU = Debug|Any CPU
		Release|Any CPU = Release|Any CPU
	EndGlobalSection
	GlobalSection(ProjectConfigurationPlatforms) = postSolution
		{BBB860A5-DA4B-4F8E-942B-20D145DC7B0C}.Debug|Any CPU.ActiveCfg = Debug|Any CPU
		{BBB860A5-DA4B-4F8E-942B-20D145DC7B0C}.Debug|Any CPU.Build.0 = Debug|Any CPU
		{BBB860A5-DA4B-4F8E-942B-20D145DC7B0C}.Release|Any CPU.ActiveCfg = Release|Any CPU
		{BBB860A5-DA4B-4F8E-942B-20D145DC7B0C}.Release|Any CPU.Build.0 = Release|Any CPU
	EndGlobalSection
	GlobalSection(SolutionProperties) = preSolution
		HideSolutionNode = FALSE
	EndGlobalSection
	GlobalSection(ExtensibilityGlobals) = postSolution
		SolutionGuid = {094E95A8-D4B1-4234-B3C3-2D9D9A84757C}
	EndGlobalSection
EndGlobal
